{
  "name": "namagen",
  "lockfileVersion": 2,
  "requires": true,
  "packages": {
    "": {
      "dependencies": {
        "namagen": "^0.1.4"
      }
    },
    "node_modules/namagen": {
      "version": "0.1.4",
      "resolved": "https://registry.npmjs.org/namagen/-/namagen-0.1.4.tgz",
      "integrity": "sha512-74lehowJHLGOXdfuVNvJpohzwr+LfPirHRKbLehpMQgsqO37mS4rPohveNtuA+Gq7vPmB/urtUsYzINq8kSoCA=="
    }
  },
  "dependencies": {
    "namagen": {
      "version": "0.1.4",
      "resolved": "https://registry.npmjs.org/namagen/-/namagen-0.1.4.tgz",
      "integrity": "sha512-74lehowJHLGOXdfuVNvJpohzwr+LfPirHRKbLehpMQgsqO37mS4rPohveNtuA+Gq7vPmB/urtUsYzINq8kSoCA=="
    }
  }
}
